
Microsoft Visual Studio Solution File, Format Version 12.00
# Visual Studio 15
VisualStudioVersion = 15.0.27130.2027
MinimumVisualStudioVersion = 10.0.40219.1
Project("{FAE04EC0-301F-11D3-BF4B-00C04F79EFBC}") = "BeerStudio", "BeerStudio\BeerStudio.csproj", "{A26BFAAD-B66B-44EF-848B-009DC18BD843}"
EndProject
Global
	GlobalSection(SolutionConfigurationPlatforms) = preSolution
		Debug|Any CPU = Debug|Any CPU
		Release|Any CPU = Release|Any CPU
	EndGlobalSection
	GlobalSection(ProjectConfigurationPlatforms) = postSolution
		{A26BFAAD-B66B-44EF-848B-009DC18BD843}.Debug|Any CPU.ActiveCfg = Debug|Any CPU
		{A26BFAAD-B66B-44EF-848B-009DC18BD843}.Debug|Any CPU.Build.0 = Debug|Any CPU
		{A26BFAAD-B66B-44EF-848B-009DC18BD843}.Release|Any CPU.ActiveCfg = Release|Any CPU
		{A26BFAAD-B66B-44EF-848B-009DC18BD843}.Release|Any CPU.Build.0 = Release|Any CPU
	EndGlobalSection
	GlobalSection(SolutionProperties) = preSolution
		HideSolutionNode = FALSE
	EndGlobalSection
	GlobalSection(ExtensibilityGlobals) = postSolution
		SolutionGuid = {C1567B78-6F80-4608-82A4-9917BE467C56}
	EndGlobalSection
EndGlobal
